// !$*UTF8*$!
{
	archiveVersion = 1;
	classes = {
	};
	objectVersion = 50;
	objects = {

/* Begin PBXBuildFile section */
		2CD9D07F24F6A321002C8ED2 /* AppDelegate.swift in Sources */ = {isa = PBXBuildFile; fileRef = 2CD9D07E24F6A321002C8ED2 /* AppDelegate.swift */; };
		2CD9D08124F6A321002C8ED2 /* SceneDelegate.swift in Sources */ = {isa = PBXBuildFile; fileRef = 2CD9D08024F6A321002C8ED2 /* SceneDelegate.swift */; };
		2CD9D08324F6A321002C8ED2 /* ViewController.swift in Sources */ = {isa = PBXBuildFile; fileRef = 2CD9D08224F6A321002C8ED2 /* ViewController.swift */; };
		2CD9D08624F6A321002C8ED2 /* Main.storyboard in Resources */ = {isa = PBXBuildFile; fileRef = 2CD9D08424F6A321002C8ED2 /* Main.storyboard */; };
		2CD9D08824F6A325002C8ED2 /* Assets.xcassets in Resources */ = {isa = PBXBuildFile; fileRef = 2CD9D08724F6A325002C8ED2 /* Assets.xcassets */; };
		2CD9D08B24F6A325002C8ED2 /* LaunchScreen.storyboard in Resources */ = {isa = PBXBuildFile; fileRef = 2CD9D08924F6A325002C8ED2 /* LaunchScreen.storyboard */; };
		2CD9D09624F6A325002C8ED2 /* iOSTestCodeTests.swift in Sources */ = {isa = PBXBuildFile; fileRef = 2CD9D09524F6A325002C8ED2 /* iOSTestCodeTests.swift */; };
		2CD9D0A124F6A325002C8ED2 /* iOSTestCodeUITests.swift in Sources */ = {isa = PBXBuildFile; fileRef = 2CD9D0A024F6A325002C8ED2 /* iOSTestCodeUITests.swift */; };
		2CD9D0B724F6B963002C8ED2 /* 241_introducing_pdfkit_on_ios.pdf in Resources */ = {isa = PBXBuildFile; fileRef = 2CD9D0B624F6B963002C8ED2 /* 241_introducing_pdfkit_on_ios.pdf */; };
		2CD9D0B824F6B963002C8ED2 /* 241_introducing_pdfkit_on_ios.pdf in Resources */ = {isa = PBXBuildFile; fileRef = 2CD9D0B624F6B963002C8ED2 /* 241_introducing_pdfkit_on_ios.pdf */; };
		2CD9D0B924F6B963002C8ED2 /* 241_introducing_pdfkit_on_ios.pdf in Resources */ = {isa = PBXBuildFile; fileRef = 2CD9D0B624F6B963002C8ED2 /* 241_introducing_pdfkit_on_ios.pdf */; };
/* End PBXBuildFile section */

/* Begin PBXContainerItemProxy section */
		2CD9D09224F6A325002C8ED2 /* PBXContainerItemProxy */ = {
			isa = PBXContainerItemProxy;
			containerPortal = 2CD9D07324F6A321002C8ED2 /* Project object */;
			proxyType = 1;
			remoteGlobalIDString = 2CD9D07A24F6A321002C8ED2;
			remoteInfo = iOSTestCode;
		};
		2CD9D09D24F6A325002C8ED2 /* PBXContainerItemProxy */ = {
			isa = PBXContainerItemProxy;
			containerPortal = 2CD9D07324F6A321002C8ED2 /* Project object */;
			proxyType = 1;
			remoteGlobalIDString = 2CD9D07A24F6A321002C8ED2;
			remoteInfo = iOSTestCode;
		};
/* End PBXContainerItemProxy section */

/* Begin PBXFileReference section */
		2CD9D07B24F6A321002C8ED2 /* iOSTestCode.app */ = {isa = PBXFileReference; explicitFileType = wrapper.application; includeInIndex = 0; path = iOSTestCode.app; sourceTree = BUILT_PRODUCTS_DIR; };
		2CD9D07E24F6A321002C8ED2 /* AppDelegate.swift */ = {isa = PBXFileReference; lastKnownFileType = sourcecode.swift; path = AppDelegate.swift; sourceTree = "<group>"; };
		2CD9D08024F6A321002C8ED2 /* SceneDelegate.swift */ = {isa = PBXFileReference; lastKnownFileType = sourcecode.swift; path = SceneDelegate.swift; sourceTree = "<group>"; };
		2CD9D08224F6A321002C8ED2 /* ViewController.swift */ = {isa = PBXFileReference; lastKnownFileType = sourcecode.swift; path = ViewController.swift; sourceTree = "<group>"; };
		2CD9D08524F6A321002C8ED2 /* Base */ = {isa = PBXFileReference; lastKnownFileType = file.storyboard; name = Base; path = Base.lproj/Main.storyboard; sourceTree = "<group>"; };
		2CD9D08724F6A325002C8ED2 /* Assets.xcassets */ = {isa = PBXFileReference; lastKnownFileType = folder.assetcatalog; path = Assets.xcassets; sourceTree = "<group>"; };
		2CD9D08A24F6A325002C8ED2 /* Base */ = {isa = PBXFileReference; lastKnownFileType = file.storyboard; name = Base; path = Base.lproj/LaunchScreen.storyboard; sourceTree = "<group>"; };
		2CD9D08C24F6A325002C8ED2 /* Info.plist */ = {isa = PBXFileReference; lastKnownFileType = text.plist.xml; path = Info.plist; sourceTree = "<group>"; };
		2CD9D09124F6A325002C8ED2 /* iOSTestCodeTests.xctest */ = {isa = PBXFileReference; explicitFileType = wrapper.cfbundle; includeInIndex = 0; path = iOSTestCodeTests.xctest; sourceTree = BUILT_PRODUCTS_DIR; };
		2CD9D09524F6A325002C8ED2 /* iOSTestCodeTests.swift */ = {isa = PBXFileReference; lastKnownFileType = sourcecode.swift; path = iOSTestCodeTests.swift; sourceTree = "<group>"; };
		2CD9D09724F6A325002C8ED2 /* Info.plist */ = {isa = PBXFileReference; lastKnownFileType = text.plist.xml; path = Info.plist; sourceTree = "<group>"; };
		2CD9D09C24F6A325002C8ED2 /* iOSTestCodeUITests.xctest */ = {isa = PBXFileReference; explicitFileType = wrapper.cfbundle; includeInIndex = 0; path = iOSTestCodeUITests.xctest; sourceTree = BUILT_PRODUCTS_DIR; };
		2CD9D0A024F6A325002C8ED2 /* iOSTestCodeUITests.swift */ = {isa = PBXFileReference; lastKnownFileType = sourcecode.swift; path = iOSTestCodeUITests.swift; sourceTree = "<group>"; };
		2CD9D0A224F6A325002C8ED2 /* Info.plist */ = {isa = PBXFileReference; lastKnownFileType = text.plist.xml; path = Info.plist; sourceTree = "<group>"; };
		2CD9D0B624F6B963002C8ED2 /* 241_introducing_pdfkit_on_ios.pdf */ = {isa = PBXFileReference; lastKnownFileType = image.pdf; path = 241_introducing_pdfkit_on_ios.pdf; sourceTree = "<group>"; };
/* End PBXFileReference section */

/* Begin PBXFrameworksBuildPhase section */
		2CD9D07824F6A321002C8ED2 /* Frameworks */ = {
			isa = PBXFrameworksBuildPhase;
			buildActionMask = 2147483647;
			files = (
			);
			runOnlyForDeploymentPostprocessing = 0;
		};
		2CD9D08E24F6A325002C8ED2 /* Frameworks */ = {
			isa = PBXFrameworksBuildPhase;
			buildActionMask = 2147483647;
			files = (
			);
			runOnlyForDeploymentPostprocessing = 0;
		};
		2CD9D09924F6A325002C8ED2 /* Frameworks */ = {
			isa = PBXFrameworksBuildPhase;
			buildActionMask = 2147483647;
			files = (
			);
			runOnlyForDeploymentPostprocessing = 0;
		};
/* End PBXFrameworksBuildPhase section */

/* Begin PBXGroup section */
		2CD9D07224F6A321002C8ED2 = {
			isa = PBXGroup;
			children = (
				2CD9D07D24F6A321002C8ED2 /* iOSTestCode */,
				2CD9D09424F6A325002C8ED2 /* iOSTestCodeTests */,
				2CD9D09F24F6A325002C8ED2 /* iOSTestCodeUITests */,
				2CD9D07C24F6A321002C8ED2 /* Products */,
			);
			sourceTree = "<group>";
		};
		2CD9D07C24F6A321002C8ED2 /* Products */ = {
			isa = PBXGroup;
			children = (
				2CD9D07B24F6A321002C8ED2 /* iOSTestCode.app */,
				2CD9D09124F6A325002C8ED2 /* iOSTestCodeTests.xctest */,
				2CD9D09C24F6A325002C8ED2 /* iOSTestCodeUITests.xctest */,
			);
			name = Products;
			sourceTree = "<group>";
		};
		2CD9D07D24F6A321002C8ED2 /* iOSTestCode */ = {
			isa = PBXGroup;
			children = (
				2CD9D07E24F6A321002C8ED2 /* AppDelegate.swift */,
				2CD9D08024F6A321002C8ED2 /* SceneDelegate.swift */,
				2CD9D08224F6A321002C8ED2 /* ViewController.swift */,
				2CD9D08424F6A321002C8ED2 /* Main.storyboard */,
				2CD9D0B624F6B963002C8ED2 /* 241_introducing_pdfkit_on_ios.pdf */,
				2CD9D08724F6A325002C8ED2 /* Assets.xcassets */,
				2CD9D08924F6A325002C8ED2 /* LaunchScreen.storyboard */,
				2CD9D08C24F6A325002C8ED2 /* Info.plist */,
			);
			path = iOSTestCode;
			sourceTree = "<group>";
		};
		2CD9D09424F6A325002C8ED2 /* iOSTestCodeTests */ = {
			isa = PBXGroup;
			children = (
				2CD9D09524F6A325002C8ED2 /* iOSTestCodeTests.swift */,
				2CD9D09724F6A325002C8ED2 /* Info.plist */,
			);
			path = iOSTestCodeTests;
			sourceTree = "<group>";
		};
		2CD9D09F24F6A325002C8ED2 /* iOSTestCodeUITests */ = {
			isa = PBXGroup;
			children = (
				2CD9D0A024F6A325002C8ED2 /* iOSTestCodeUITests.swift */,
				2CD9D0A224F6A325002C8ED2 /* Info.plist */,
			);
			path = iOSTestCodeUITests;
			sourceTree = "<group>";
		};
/* End PBXGroup section */

/* Begin PBXNativeTarget section */
		2CD9D07A24F6A321002C8ED2 /* iOSTestCode */ = {
			isa = PBXNativeTarget;
			buildConfigurationList = 2CD9D0A524F6A325002C8ED2 /* Build configuration list for PBXNativeTarget "iOSTestCode" */;
			buildPhases = (
				2CD9D07724F6A321002C8ED2 /* Sources */,
				2CD9D07824F6A321002C8ED2 /* Frameworks */,
				2CD9D07924F6A321002C8ED2 /* Resources */,
			);
			buildRules = (
			);
			dependencies = (
			);
			name = iOSTestCode;
			productName = iOSTestCode;
			productReference = 2CD9D07B24F6A321002C8ED2 /* iOSTestCode.app */;
			productType = "com.apple.product-type.application";
		};
		2CD9D09024F6A325002C8ED2 /* iOSTestCodeTests */ = {
			isa = PBXNativeTarget;
			buildConfigurationList = 2CD9D0A824F6A325002C8ED2 /* Build configuration list for PBXNativeTarget "iOSTestCodeTests" */;
			buildPhases = (
				2CD9D08D24F6A325002C8ED2 /* Sources */,
				2CD9D08E24F6A325002C8ED2 /* Frameworks */,
				2CD9D08F24F6A325002C8ED2 /* Resources */,
			);
			buildRules = (
			);
			dependencies = (
				2CD9D09324F6A325002C8ED2 /* PBXTargetDependency */,
			);
			name = iOSTestCodeTests;
			productName = iOSTestCodeTests;
			productReference = 2CD9D09124F6A325002C8ED2 /* iOSTestCodeTests.xctest */;
			productType = "com.apple.product-type.bundle.unit-test";
		};
		2CD9D09B24F6A325002C8ED2 /* iOSTestCodeUITests */ = {
			isa = PBXNativeTarget;
			buildConfigurationList = 2CD9D0AB24F6A325002C8ED2 /* Build configuration list for PBXNativeTarget "iOSTestCodeUITests" */;
			buildPhases = (
				2CD9D09824F6A325002C8ED2 /* Sources */,
				2CD9D09924F6A325002C8ED2 /* Frameworks */,
				2CD9D09A24F6A325002C8ED2 /* Resources */,
			);
			buildRules = (
			);
			dependencies = (
				2CD9D09E24F6A325002C8ED2 /* PBXTargetDependency */,
			);
			name = iOSTestCodeUITests;
			productName = iOSTestCodeUITests;
			productReference = 2CD9D09C24F6A325002C8ED2 /* iOSTestCodeUITests.xctest */;
			productType = "com.apple.product-type.bundle.ui-testing";
		};
/* End PBXNativeTarget section */

/* Begin PBXProject section */
		2CD9D07324F6A321002C8ED2 /* Project object */ = {
			isa = PBXProject;
			attributes = {
				LastSwiftUpdateCheck = 1160;
				LastUpgradeCheck = 1160;
				ORGANIZATIONNAME = SG;
				TargetAttributes = {
					2CD9D07A24F6A321002C8ED2 = {
						CreatedOnToolsVersion = 11.6;
					};
					2CD9D09024F6A325002C8ED2 = {
						CreatedOnToolsVersion = 11.6;
						TestTargetID = 2CD9D07A24F6A321002C8ED2;
					};
					2CD9D09B24F6A325002C8ED2 = {
						CreatedOnToolsVersion = 11.6;
						TestTargetID = 2CD9D07A24F6A321002C8ED2;
					};
				};
			};
			buildConfigurationList = 2CD9D07624F6A321002C8ED2 /* Build configuration list for PBXProject "iOSTestCode" */;
			compatibilityVersion = "Xcode 9.3";
			developmentRegion = en;
			hasScannedForEncodings = 0;
			knownRegions = (
				en,
				Base,
			);
			mainGroup = 2CD9D07224F6A321002C8ED2;
			productRefGroup = 2CD9D07C24F6A321002C8ED2 /* Products */;
			projectDirPath = "";
			projectRoot = "";
			targets = (
				2CD9D07A24F6A321002C8ED2 /* iOSTestCode */,
				2CD9D09024F6A325002C8ED2 /* iOSTestCodeTests */,
				2CD9D09B24F6A325002C8ED2 /* iOSTestCodeUITests */,
			);
		};
/* End PBXProject section */

/* Begin PBXResourcesBuildPhase section */
		2CD9D07924F6A321002C8ED2 /* Resources */ = {
			isa = PBXResourcesBuildPhase;
			buildActionMask = 2147483647;
			files = (
				2CD9D0B724F6B963002C8ED2 /* 241_introducing_pdfkit_on_ios.pdf in Resources */,
				2CD9D08B24F6A325002C8ED2 /* LaunchScreen.storyboard in Resources */,
				2CD9D08824F6A325002C8ED2 /* Assets.xcassets in Resources */,
				2CD9D08624F6A321002C8ED2 /* Main.storyboard in Resources */,
			);
			runOnlyForDeploymentPostprocessing = 0;
		};
		2CD9D08F24F6A325002C8ED2 /* Resources */ = {
			isa = PBXResourcesBuildPhase;
			buildActionMask = 2147483647;
			files = (
				2CD9D0B824F6B963002C8ED2 /* 241_introducing_pdfkit_on_ios.pdf in Resources */,
			);
			runOnlyForDeploymentPostprocessing = 0;
		};
		2CD9D09A24F6A325002C8ED2 /* Resources */ = {
			isa = PBXResourcesBuildPhase;
			buildActionMask = 2147483647;
			files = (
				2CD9D0B924F6B963002C8ED2 /* 241_introducing_pdfkit_on_ios.pdf in Resources */,
			);
			runOnlyForDeploymentPostprocessing = 0;
		};
/* End PBXResourcesBuildPhase section */

/* Begin PBXSourcesBuildPhase section */
		2CD9D07724F6A321002C8ED2 /* Sources */ = {
			isa = PBXSourcesBuildPhase;
			buildActionMask = 2147483647;
			files = (
				2CD9D08324F6A321002C8ED2 /* ViewController.swift in Sources */,
				2CD9D07F24F6A321002C8ED2 /* AppDelegate.swift in Sources */,
				2CD9D08124F6A321002C8ED2 /* SceneDelegate.swift in Sources */,
			);
			runOnlyForDeploymentPostprocessing = 0;
		};
		2CD9D08D24F6A325002C8ED2 /* Sources */ = {
			isa = PBXSourcesBuildPhase;
			buildActionMask = 2147483647;
			files = (
				2CD9D09624F6A325002C8ED2 /* iOSTestCodeTests.swift in Sources */,
			);
			runOnlyForDeploymentPostprocessing = 0;
		};
		2CD9D09824F6A325002C8ED2 /* Sources */ = {
			isa = PBXSourcesBuildPhase;
			buildActionMask = 2147483647;
			files = (
				2CD9D0A124F6A325002C8ED2 /* iOSTestCodeUITests.swift in Sources */,
			);
			runOnlyForDeploymentPostprocessing = 0;
		};
/* End PBXSourcesBuildPhase section */

/* Begin PBXTargetDependency section */
		2CD9D09324F6A325002C8ED2 /* PBXTargetDependency */ = {
			isa = PBXTargetDependency;
			target = 2CD9D07A24F6A321002C8ED2 /* iOSTestCode */;
			targetProxy = 2CD9D09224F6A325002C8ED2 /* PBXContainerItemProxy */;
		};
		2CD9D09E24F6A325002C8ED2 /* PBXTargetDependency */ = {
			isa = PBXTargetDependency;
			target = 2CD9D07A24F6A321002C8ED2 /* iOSTestCode */;
			targetProxy = 2CD9D09D24F6A325002C8ED2 /* PBXContainerItemProxy */;
		};
/* End PBXTargetDependency section */

/* Begin PBXVariantGroup section */
		2CD9D08424F6A321002C8ED2 /* Main.storyboard */ = {
			isa = PBXVariantGroup;
			children = (
				2CD9D08524F6A321002C8ED2 /* Base */,
			);
			name = Main.storyboard;
			sourceTree = "<group>";
		};
		2CD9D08924F6A325002C8ED2 /* LaunchScreen.storyboard */ = {
			isa = PBXVariantGroup;
			children = (
				2CD9D08A24F6A325002C8ED2 /* Base */,
			);
			name = LaunchScreen.storyboard;
			sourceTree = "<group>";
		};
/* End PBXVariantGroup section */

/* Begin XCBuildConfiguration section */
		2CD9D0A324F6A325002C8ED2 /* Debug */ = {
			isa = XCBuildConfiguration;
			buildSettings = {
				ALWAYS_SEARCH_USER_PATHS = NO;
				CLANG_ANALYZER_NONNULL = YES;
				CLANG_ANALYZER_NUMBER_OBJECT_CONVERSION = YES_AGGRESSIVE;
				CLANG_CXX_LANGUAGE_STANDARD = "gnu++14";
				CLANG_CXX_LIBRARY = "libc++";
				CLANG_ENABLE_MODULES = YES;
				CLANG_ENABLE_OBJC_ARC = YES;
				CLANG_ENABLE_OBJC_WEAK = YES;
				CLANG_WARN_BLOCK_CAPTURE_AUTORELEASING = YES;
				CLANG_WARN_BOOL_CONVERSION = YES;
				CLANG_WARN_COMMA = YES;
				CLANG_WARN_CONSTANT_CONVERSION = YES;
				CLANG_WARN_DEPRECATED_OBJC_IMPLEMENTATIONS = YES;
				CLANG_WARN_DIRECT_OBJC_ISA_USAGE = YES_ERROR;
				CLANG_WARN_DOCUMENTATION_COMMENTS = YES;
				CLANG_WARN_EMPTY_BODY = YES;
				CLANG_WARN_ENUM_CONVERSION = YES;
				CLANG_WARN_INFINITE_RECURSION = YES;
				CLANG_WARN_INT_CONVERSION = YES;
				CLANG_WARN_NON_LITERAL_NULL_CONVERSION = YES;
				CLANG_WARN_OBJC_IMPLICIT_RETAIN_SELF = YES;
				CLANG_WARN_OBJC_LITERAL_CONVERSION = YES;
				CLANG_WARN_OBJC_ROOT_CLASS = YES_ERROR;
				CLANG_WARN_RANGE_LOOP_ANALYSIS = YES;
				CLANG_WARN_STRICT_PROTOTYPES = YES;
				CLANG_WARN_SUSPICIOUS_MOVE = YES;
				CLANG_WARN_UNGUARDED_AVAILABILITY = YES_AGGRESSIVE;
				CLANG_WARN_UNREACHABLE_CODE = YES;
				CLANG_WARN__DUPLICATE_METHOD_MATCH = YES;
				COPY_PHASE_STRIP = NO;
				DEBUG_INFORMATION_FORMAT = dwarf;
				ENABLE_STRICT_OBJC_MSGSEND = YES;
				ENABLE_TESTABILITY = YES;
				GCC_C_LANGUAGE_STANDARD = gnu11;
				GCC_DYNAMIC_NO_PIC = NO;
				GCC_NO_COMMON_BLOCKS = YES;
				GCC_OPTIMIZATION_LEVEL = 0;
				GCC_PREPROCESSOR_DEFINITIONS = (
					"DEBUG=1",
					"$(inherited)",
				);
				GCC_WARN_64_TO_32_BIT_CONVERSION = YES;
				GCC_WARN_ABOUT_RETURN_TYPE = YES_ERROR;
				GCC_WARN_UNDECLARED_SELECTOR = YES;
				GCC_WARN_UNINITIALIZED_AUTOS = YES_AGGRESSIVE;
				GCC_WARN_UNUSED_FUNCTION = YES;
				GCC_WARN_UNUSED_VARIABLE = YES;
				IPHONEOS_DEPLOYMENT_TARGET = 13.6;
				MTL_ENABLE_DEBUG_INFO = INCLUDE_SOURCE;
				MTL_FAST_MATH = YES;
				ONLY_ACTIVE_ARCH = YES;
				SDKROOT = iphoneos;
				SWIFT_ACTIVE_COMPILATION_CONDITIONS = DEBUG;
				SWIFT_OPTIMIZATION_LEVEL = "-Onone";
			};
			name = Debug;
		};
		2CD9D0A424F6A325002C8ED2 /* Release */ = {
			isa = XCBuildConfiguration;
			buildSettings = {
				ALWAYS_SEARCH_USER_PATHS = NO;
				CLANG_ANALYZER_NONNULL = YES;
				CLANG_ANALYZER_NUMBER_OBJECT_CONVERSION = YES_AGGRESSIVE;
				CLANG_CXX_LANGUAGE_STANDARD = "gnu++14";
				CLANG_CXX_LIBRARY = "libc++";
				CLANG_ENABLE_MODULES = YES;
				CLANG_ENABLE_OBJC_ARC = YES;
				CLANG_ENABLE_OBJC_WEAK = YES;
				CLANG_WARN_BLOCK_CAPTURE_AUTORELEASING = YES;
				CLANG_WARN_BOOL_CONVERSION = YES;
				CLANG_WARN_COMMA = YES;
				CLANG_WARN_CONSTANT_CONVERSION = YES;
				CLANG_WARN_DEPRECATED_OBJC_IMPLEMENTATIONS = YES;
				CLANG_WARN_DIRECT_OBJC_ISA_USAGE = YES_ERROR;
				CLANG_WARN_DOCUMENTATION_COMMENTS = YES;
				CLANG_WARN_EMPTY_BODY = YES;
				CLANG_WARN_ENUM_CONVERSION = YES;
				CLANG_WARN_INFINITE_RECURSION = YES;
				CLANG_WARN_INT_CONVERSION = YES;
				CLANG_WARN_NON_LITERAL_NULL_CONVERSION = YES;
				CLANG_WARN_OBJC_IMPLICIT_RETAIN_SELF = YES;
				CLANG_WARN_OBJC_LITERAL_CONVERSION = YES;
				CLANG_WARN_OBJC_ROOT_CLASS = YES_ERROR;
				CLANG_WARN_RANGE_LOOP_ANALYSIS = YES;
				CLANG_WARN_STRICT_PROTOTYPES = YES;
				CLANG_WARN_SUSPICIOUS_MOVE = YES;
				CLANG_WARN_UNGUARDED_AVAILABILITY = YES_AGGRESSIVE;
				CLANG_WARN_UNREACHABLE_CODE = YES;
				CLANG_WARN__DUPLICATE_METHOD_MATCH = YES;
				COPY_PHASE_STRIP = NO;
				DEBUG_INFORMATION_FORMAT = "dwarf-with-dsym";
				ENABLE_NS_ASSERTIONS = NO;
				ENABLE_STRICT_OBJC_MSGSEND = YES;
				GCC_C_LANGUAGE_STANDARD = gnu11;
				GCC_NO_COMMON_BLOCKS = YES;
				GCC_WARN_64_TO_32_BIT_CONVERSION = YES;
				GCC_WARN_ABOUT_RETURN_TYPE = YES_ERROR;
				GCC_WARN_UNDECLARED_SELECTOR = YES;
				GCC_WARN_UNINITIALIZED_AUTOS = YES_AGGRESSIVE;
				GCC_WARN_UNUSED_FUNCTION = YES;
				GCC_WARN_UNUSED_VARIABLE = YES;
				IPHONEOS_DEPLOYMENT_TARGET = 13.6;
				MTL_ENABLE_DEBUG_INFO = NO;
				MTL_FAST_MATH = YES;
				SDKROOT = iphoneos;
				SWIFT_COMPILATION_MODE = wholemodule;
				SWIFT_OPTIMIZATION_LEVEL = "-O";
				VALIDATE_PRODUCT = YES;
			};
			name = Release;
		};
		2CD9D0A624F6A325002C8ED2 /* Debug */ = {
			isa = XCBuildConfiguration;
			buildSettings = {
				ASSETCATALOG_COMPILER_APPICON_NAME = AppIcon;
				CODE_SIGN_STYLE = Automatic;
				INFOPLIST_FILE = iOSTestCode/Info.plist;
				LD_RUNPATH_SEARCH_PATHS = (
					"$(inherited)",
					"@executable_path/Frameworks",
				);
				PRODUCT_BUNDLE_IDENTIFIER = com.sogou.iOSTestCode;
				PRODUCT_NAME = "$(TARGET_NAME)";
				SWIFT_VERSION = 5.0;
				TARGETED_DEVICE_FAMILY = "1,2";
			};
			name = Debug;
		};
		2CD9D0A724F6A325002C8ED2 /* Release */ = {
			isa = XCBuildConfiguration;
			buildSettings = {
				ASSETCATALOG_COMPILER_APPICON_NAME = AppIcon;
				CODE_SIGN_STYLE = Automatic;
				INFOPLIST_FILE = iOSTestCode/Info.plist;
				LD_RUNPATH_SEARCH_PATHS = (
					"$(inherited)",
					"@executable_path/Frameworks",
				);
				PRODUCT_BUNDLE_IDENTIFIER = com.sogou.iOSTestCode;
				PRODUCT_NAME = "$(TARGET_NAME)";
				SWIFT_VERSION = 5.0;
				TARGETED_DEVICE_FAMILY = "1,2";
			};
			name = Release;
		};
		2CD9D0A924F6A325002C8ED2 /* Debug */ = {
			isa = XCBuildConfiguration;
			buildSettings = {
				ALWAYS_EMBED_SWIFT_STANDARD_LIBRARIES = YES;
				BUNDLE_LOADER = "$(TEST_HOST)";
				CODE_SIGN_STYLE = Automatic;
				INFOPLIST_FILE = iOSTestCodeTests/Info.plist;
				IPHONEOS_DEPLOYMENT_TARGET = 13.6;
				LD_RUNPATH_SEARCH_PATHS = (
					"$(inherited)",
					"@executable_path/Frameworks",
					"@loader_path/Frameworks",
				);
				PRODUCT_BUNDLE_IDENTIFIER = com.sogou.iOSTestCodeTests;
				PRODUCT_NAME = "$(TARGET_NAME)";
				SWIFT_VERSION = 5.0;
				TARGETED_DEVICE_FAMILY = "1,2";
				TEST_HOST = "$(BUILT_PRODUCTS_DIR)/iOSTestCode.app/iOSTestCode";
			};
			name = Debug;
		};
		2CD9D0AA24F6A325002C8ED2 /* Release */ = {
			isa = XCBuildConfiguration;
			buildSettings = {
				ALWAYS_EMBED_SWIFT_STANDARD_LIBRARIES = YES;
				BUNDLE_LOADER = "$(TEST_HOST)";
				CODE_SIGN_STYLE = Automatic;
				INFOPLIST_FILE = iOSTestCodeTests/Info.plist;
				IPHONEOS_DEPLOYMENT_TARGET = 13.6;
				LD_RUNPATH_SEARCH_PATHS = (
					"$(inherited)",
					"@executable_path/Frameworks",
					"@loader_path/Frameworks",
				);
				PRODUCT_BUNDLE_IDENTIFIER = com.sogou.iOSTestCodeTests;
				PRODUCT_NAME = "$(TARGET_NAME)";
				SWIFT_VERSION = 5.0;
				TARGETED_DEVICE_FAMILY = "1,2";
				TEST_HOST = "$(BUILT_PRODUCTS_DIR)/iOSTestCode.app/iOSTestCode";
			};
			name = Release;
		};
		2CD9D0AC24F6A325002C8ED2 /* Debug */ = {
			isa = XCBuildConfiguration;
			buildSettings = {
				ALWAYS_EMBED_SWIFT_STANDARD_LIBRARIES = YES;
				CODE_SIGN_STYLE = Automatic;
				INFOPLIST_FILE = iOSTestCodeUITests/Info.plist;
				LD_RUNPATH_SEARCH_PATHS = (
					"$(inherited)",
					"@executable_path/Frameworks",
					"@loader_path/Frameworks",
				);
				PRODUCT_BUNDLE_IDENTIFIER = com.sogou.iOSTestCodeUITests;
				PRODUCT_NAME = "$(TARGET_NAME)";
				SWIFT_VERSION = 5.0;
				TARGETED_DEVICE_FAMILY = "1,2";
				TEST_TARGET_NAME = iOSTestCode;
			};
			name = Debug;
		};
		2CD9D0AD24F6A325002C8ED2 /* Release */ = {
			isa = XCBuildConfiguration;
			buildSettings = {
				ALWAYS_EMBED_SWIFT_STANDARD_LIBRARIES = YES;
				CODE_SIGN_STYLE = Automatic;
				INFOPLIST_FILE = iOSTestCodeUITests/Info.plist;
				LD_RUNPATH_SEARCH_PATHS = (
					"$(inherited)",
					"@executable_path/Frameworks",
					"@loader_path/Frameworks",
				);
				PRODUCT_BUNDLE_IDENTIFIER = com.sogou.iOSTestCodeUITests;
				PRODUCT_NAME = "$(TARGET_NAME)";
				SWIFT_VERSION = 5.0;
				TARGETED_DEVICE_FAMILY = "1,2";
				TEST_TARGET_NAME = iOSTestCode;
			};
			name = Release;
		};
/* End XCBuildConfiguration section */

/* Begin XCConfigurationList section */
		2CD9D07624F6A321002C8ED2 /* Build configuration list for PBXProject "iOSTestCode" */ = {
			isa = XCConfigurationList;
			buildConfigurations = (
				2CD9D0A324F6A325002C8ED2 /* Debug */,
				2CD9D0A424F6A325002C8ED2 /* Release */,
			);
			defaultConfigurationIsVisible = 0;
			defaultConfigurationName = Release;
		};
		2CD9D0A524F6A325002C8ED2 /* Build configuration list for PBXNativeTarget "iOSTestCode" */ = {
			isa = XCConfigurationList;
			buildConfigurations = (
				2CD9D0A624F6A325002C8ED2 /* Debug */,
				2CD9D0A724F6A325002C8ED2 /* Release */,
			);
			defaultConfigurationIsVisible = 0;
			defaultConfigurationName = Release;
		};
		2CD9D0A824F6A325002C8ED2 /* Build configuration list for PBXNativeTarget "iOSTestCodeTests" */ = {
			isa = XCConfigurationList;
			buildConfigurations = (
				2CD9D0A924F6A325002C8ED2 /* Debug */,
				2CD9D0AA24F6A325002C8ED2 /* Release */,
			);
			defaultConfigurationIsVisible = 0;
			defaultConfigurationName = Release;
		};
		2CD9D0AB24F6A325002C8ED2 /* Build configuration list for PBXNativeTarget "iOSTestCodeUITests" */ = {
			isa = XCConfigurationList;
			buildConfigurations = (
				2CD9D0AC24F6A325002C8ED2 /* Debug */,
				2CD9D0AD24F6A325002C8ED2 /* Release */,
			);
			defaultConfigurationIsVisible = 0;
			defaultConfigurationName = Release;
		};
/* End XCConfigurationList section */
	};
	rootObject = 2CD9D07324F6A321002C8ED2 /* Project object */;
}
